{
  "pins" : [
    {
      "identity" : "alignedcollectionview?ref=iosexample.com",
      "kind" : "remoteSourceControl",
      "location" : "https://github.com/Kolosowski/AlignedCollectionView?ref=iosexample.com",
      "state" : {
        "revision" : "7e9606e344bec5de022a7955f9b948ed3bb09c3b",
        "version" : "1.0.0"
      }
    }
  ],
  "version" : 2
}
