{
  "pins" : [
    {
      "identity" : "alignedcollectionview?ref=iosexample.com",
      "kind" : "remoteSourceControl",
      "location" : "https://github.com/Kolosowski/AlignedCollectionView?ref=iosexample.com",
      "state" : {
        "revision" : "3241244c064f16d3f1ee7973b785550e8b2a82e4",
        "version" : "1.0.0"
      }
    }
  ],
  "version" : 2
}
